# shellcheck shell=bash
# Private switchVK SDK selected by GBAStation_3DS.
SWITCHVK_REPOSITORY="beiklive/switchVK"
SWITCHVK_TAG="switchvk-nxvk-26.1.4-r1"
SWITCHVK_ASSET="switchVK-switchvk-nxvk-26.1.4-r1.tar.xz"
SWITCHVK_CHECKSUM_ASSET="switchVK-switchvk-nxvk-26.1.4-r1.tar.xz.sha256"
SWITCHVK_ROOT_DIRECTORY="nvk-switch-26.1.4"

# Immutable digest of the trusted GitHub Release archive.
SWITCHVK_SHA256="25cfde405c33aa72e25accf5f96d8d08e356ba82d686f51eb2b06386b31b84b7"
